%{"cowboy": {:hex, :cowboy, "1.0.0"},
  "cowlib": {:hex, :cowlib, "1.0.1"},
  "decimal": {:hex, :decimal, "1.1.0"},
  "dotenv": {:hex, :dotenv, "0.0.4"},
  "earmark": {:hex, :earmark, "0.1.15"},
  "ecto": {:hex, :ecto, "0.11.2"},
  "ex_doc": {:hex, :ex_doc, "0.7.2"},
  "fs": {:hex, :fs, "0.9.1"},
  "hackney": {:hex, :hackney, "1.1.0"},
  "httpoison": {:hex, :httpoison, "0.6.2"},
  "idna": {:hex, :idna, "1.0.2"},
  "meck": {:hex, :meck, "0.8.2"},
  "mock": {:hex, :mock, "0.1.0"},
  "oauth2": {:git, "git://github.com/scrogson/oauth2.git", "49659ce332bde54784c5ac93b9be6115db48eba7", []},
  "phoenix": {:git, "git://github.com/phoenixframework/phoenix.git", "c117a9f347a4bf9feb210b5653841d5b417288fe", []},
  "phoenix_ecto": {:hex, :phoenix_ecto, "0.4.0"},
  "phoenix_live_reload": {:hex, :phoenix_live_reload, "0.3.0"},
  "plug": {:hex, :plug, "0.12.1"},
  "poison": {:hex, :poison, "1.4.0"},
  "poolboy": {:hex, :poolboy, "1.5.1"},
  "postgrex": {:hex, :postgrex, "0.8.1"},
  "ranch": {:hex, :ranch, "1.0.0"},
  "ssl_verify_hostname": {:hex, :ssl_verify_hostname, "1.0.4"},
  "uuid": {:hex, :uuid, "1.0.0"}}
